
Microsoft Visual Studio Solution File, Format Version 12.00
# Visual Studio Version 16
VisualStudioVersion = 16.0.30204.135
MinimumVisualStudioVersion = 10.0.40219.1
Project("{FAE04EC0-301F-11D3-BF4B-00C04F79EFBC}") = "Aula98Git", "Aula98Git\Aula98Git.csproj", "{8624CA8C-153C-4146-A5FA-9BB301FD1EE0}"
EndProject
Global
	GlobalSection(SolutionConfigurationPlatforms) = preSolution
		Debug|Any CPU = Debug|Any CPU
		Release|Any CPU = Release|Any CPU
	EndGlobalSection
	GlobalSection(ProjectConfigurationPlatforms) = postSolution
		{8624CA8C-153C-4146-A5FA-9BB301FD1EE0}.Debug|Any CPU.ActiveCfg = Debug|Any CPU
		{8624CA8C-153C-4146-A5FA-9BB301FD1EE0}.Debug|Any CPU.Build.0 = Debug|Any CPU
		{8624CA8C-153C-4146-A5FA-9BB301FD1EE0}.Release|Any CPU.ActiveCfg = Release|Any CPU
		{8624CA8C-153C-4146-A5FA-9BB301FD1EE0}.Release|Any CPU.Build.0 = Release|Any CPU
	EndGlobalSection
	GlobalSection(SolutionProperties) = preSolution
		HideSolutionNode = FALSE
	EndGlobalSection
	GlobalSection(ExtensibilityGlobals) = postSolution
		SolutionGuid = {767EEB3D-FEE2-405D-B83A-FE955A1472EE}
	EndGlobalSection
EndGlobal
